
Microsoft Visual Studio Solution File, Format Version 12.00
# Visual Studio Version 17
VisualStudioVersion = 17.7.34202.233
MinimumVisualStudioVersion = 10.0.40219.1
Project("{FAE04EC0-301F-11D3-BF4B-00C04F79EFBC}") = "WendyMonahanC969", "WendyMonahanC969.csproj", "{5E5C9789-A2B4-4055-BF5E-DF900140E6DE}"
EndProject
Global
	GlobalSection(SolutionConfigurationPlatforms) = preSolution
		Debug|Any CPU = Debug|Any CPU
		Release|Any CPU = Release|Any CPU
	EndGlobalSection
	GlobalSection(ProjectConfigurationPlatforms) = postSolution
		{5E5C9789-A2B4-4055-BF5E-DF900140E6DE}.Debug|Any CPU.ActiveCfg = Debug|Any CPU
		{5E5C9789-A2B4-4055-BF5E-DF900140E6DE}.Debug|Any CPU.Build.0 = Debug|Any CPU
		{5E5C9789-A2B4-4055-BF5E-DF900140E6DE}.Release|Any CPU.ActiveCfg = Release|Any CPU
		{5E5C9789-A2B4-4055-BF5E-DF900140E6DE}.Release|Any CPU.Build.0 = Release|Any CPU
	EndGlobalSection
	GlobalSection(SolutionProperties) = preSolution
		HideSolutionNode = FALSE
	EndGlobalSection
	GlobalSection(ExtensibilityGlobals) = postSolution
		SolutionGuid = {B4FFB575-08E5-49DD-9EB2-7B5198DF8581}
	EndGlobalSection
EndGlobal
